
Microsoft Visual Studio Solution File, Format Version 12.00
# Visual Studio 15
VisualStudioVersion = 15.0.26730.15
MinimumVisualStudioVersion = 10.0.40219.1
Project("{2150E333-8FDC-42A3-9474-1A3956D46DE8}") = "0- Solution Items", "0- Solution Items", "{B85C8D0F-E5A7-42E7-93F9-512C9BA9DC81}"
EndProject
Project("{2150E333-8FDC-42A3-9474-1A3956D46DE8}") = "1- Layers", "1- Layers", "{5F2422DC-7924-4CDE-BF15-7F5991EC6C4E}"
EndProject
Project("{2150E333-8FDC-42A3-9474-1A3956D46DE8}") = "1.2- Application", "1.2- Application", "{E8CE7F4B-7DDF-47DF-B67A-380EBC4FC7B4}"
EndProject
Project("{2150E333-8FDC-42A3-9474-1A3956D46DE8}") = "1.3- Domain", "1.3- Domain", "{B1B9FAA9-A464-4884-8BDB-503633BF38A9}"
EndProject
Project("{2150E333-8FDC-42A3-9474-1A3956D46DE8}") = "1.4- Infrastructure", "1.4- Infrastructure", "{A74CB9B7-7864-4421-9E71-B2D0F99BDB61}"
EndProject
Project("{2150E333-8FDC-42A3-9474-1A3956D46DE8}") = "1.2.1- Services", "1.2.1- Services", "{4A58E0B3-50D6-4E1F-AA16-8E6701F93749}"
EndProject
Project("{2150E333-8FDC-42A3-9474-1A3956D46DE8}") = "1.4.1- Data Access", "1.4.1- Data Access", "{5F346305-4B70-4AEF-9F9D-3984227B94BA}"
EndProject
Project("{2150E333-8FDC-42A3-9474-1A3956D46DE8}") = "1.4.2- Common", "1.4.2- Common", "{B64EEE08-04BF-4EE7-82D1-2B15ABE6CE11}"
EndProject
Project("{2150E333-8FDC-42A3-9474-1A3956D46DE8}") = "1.4.3- Test Library", "1.4.3- Test Library", "{96C8AA0B-07B2-49A9-AD04-518B90A5F748}"
EndProject
Project("{2150E333-8FDC-42A3-9474-1A3956D46DE8}") = "2- DataBase", "2- DataBase", "{8FBEC431-686E-4A71-9CBD-D30E221EB99B}"
EndProject
Project("{FAE04EC0-301F-11D3-BF4B-00C04F79EFBC}") = "ContactList.Service", "..\server\ContactList.Service\ContactList.Service.csproj", "{2E5EC5C4-7BF2-46A4-956C-631DABB3BF51}"
EndProject
Project("{FAE04EC0-301F-11D3-BF4B-00C04F79EFBC}") = "ContactList.Service.Test", "..\server\ContactList.Service.Test\ContactList.Service.Test.csproj", "{ECF02969-92CA-4D2B-9846-584D3696CB9A}"
EndProject
Project("{FAE04EC0-301F-11D3-BF4B-00C04F79EFBC}") = "ContactList.Domain", "..\server\ContactList.Domain\ContactList.Domain.csproj", "{F1283129-8120-43AC-AA58-3DFD6979BA82}"
EndProject
Project("{FAE04EC0-301F-11D3-BF4B-00C04F79EFBC}") = "ContactList.ORM", "..\server\ContactList.ORM\ContactList.ORM.csproj", "{B514ADB7-8F79-4ECB-BE55-8D5CAE16EDA5}"
EndProject
Project("{FAE04EC0-301F-11D3-BF4B-00C04F79EFBC}") = "ContactList.ORM.Test", "..\server\ContactList.ORM.Test\ContactList.ORM.Test.csproj", "{3431AF7D-809F-44B7-B495-ED747EAB49D2}"
EndProject
Project("{00D1A9C2-B5F0-4AF3-8072-F6C62B433612}") = "ContactList.Model.DataBase", "..\server\ContactList.Model.DataBase\ContactList.Model.DataBase.sqlproj", "{1247DAFA-1CE9-4577-9E1D-CCFCC64366A7}"
EndProject
Project("{FAE04EC0-301F-11D3-BF4B-00C04F79EFBC}") = "ContactList.Common", "..\server\ContactList.Common\ContactList.Common.csproj", "{DE36264F-50B3-4C97-886C-9935C129CDCB}"
EndProject
Project("{FAE04EC0-301F-11D3-BF4B-00C04F79EFBC}") = "ContactList.Test.Builder", "..\server\ContactList.Test.Builder\ContactList.Test.Builder.csproj", "{42B53612-764F-4E21-BF99-9AC733CCD9BD}"
EndProject
Project("{2150E333-8FDC-42A3-9474-1A3956D46DE8}") = "1.1- Distributed Services", "1.1- Distributed Services", "{DAC66411-FAAD-44E7-B83A-DF27179C8FED}"
EndProject
Project("{FAE04EC0-301F-11D3-BF4B-00C04F79EFBC}") = "ContactList.Service.API", "..\server\ContactList.Service.API\ContactList.Service.API.csproj", "{1913850E-2A43-425D-ACAC-9726941261BF}"
EndProject
Project("{FAE04EC0-301F-11D3-BF4B-00C04F79EFBC}") = "ContactList.Domain.Test", "..\server\ContactList.Domain.Test\ContactList.Domain.Test.csproj", "{174200A8-406C-4935-AEDE-C149BBE6AAC6}"
EndProject
Project("{FAE04EC0-301F-11D3-BF4B-00C04F79EFBC}") = "ContactList.Test.Library", "..\server\ContactList.Test.Library\ContactList.Test.Library.csproj", "{3AE74F56-2B9C-49D4-9997-465AEC0B6D02}"
EndProject
Project("{FAE04EC0-301F-11D3-BF4B-00C04F79EFBC}") = "ContactList.Domain.Service", "..\server\ContactList.Domain.Service\ContactList.Domain.Service.csproj", "{6D333EF6-CBE5-46E4-8FE5-A5E90749798C}"
EndProject
Project("{FAE04EC0-301F-11D3-BF4B-00C04F79EFBC}") = "ContactList.Domain.Service.Test", "..\server\ContactList.Domain.Service.Test\ContactList.Domain.Service.Test.csproj", "{56BDE9F7-AD85-4E6A-B7C5-44DCCF748B6C}"
EndProject
Global
	GlobalSection(SolutionConfigurationPlatforms) = preSolution
		Debug|Any CPU = Debug|Any CPU
		Debug|x64 = Debug|x64
		Release|Any CPU = Release|Any CPU
		Release|x64 = Release|x64
	EndGlobalSection
	GlobalSection(ProjectConfigurationPlatforms) = postSolution
		{2E5EC5C4-7BF2-46A4-956C-631DABB3BF51}.Debug|Any CPU.ActiveCfg = Debug|Any CPU
		{2E5EC5C4-7BF2-46A4-956C-631DABB3BF51}.Debug|Any CPU.Build.0 = Debug|Any CPU
		{2E5EC5C4-7BF2-46A4-956C-631DABB3BF51}.Debug|x64.ActiveCfg = Debug|x64
		{2E5EC5C4-7BF2-46A4-956C-631DABB3BF51}.Debug|x64.Build.0 = Debug|x64
		{2E5EC5C4-7BF2-46A4-956C-631DABB3BF51}.Release|Any CPU.ActiveCfg = Release|Any CPU
		{2E5EC5C4-7BF2-46A4-956C-631DABB3BF51}.Release|Any CPU.Build.0 = Release|Any CPU
		{2E5EC5C4-7BF2-46A4-956C-631DABB3BF51}.Release|x64.ActiveCfg = Release|x64
		{2E5EC5C4-7BF2-46A4-956C-631DABB3BF51}.Release|x64.Build.0 = Release|x64
		{ECF02969-92CA-4D2B-9846-584D3696CB9A}.Debug|Any CPU.ActiveCfg = Debug|Any CPU
		{ECF02969-92CA-4D2B-9846-584D3696CB9A}.Debug|Any CPU.Build.0 = Debug|Any CPU
		{ECF02969-92CA-4D2B-9846-584D3696CB9A}.Debug|x64.ActiveCfg = Debug|x64
		{ECF02969-92CA-4D2B-9846-584D3696CB9A}.Debug|x64.Build.0 = Debug|x64
		{ECF02969-92CA-4D2B-9846-584D3696CB9A}.Release|Any CPU.ActiveCfg = Release|Any CPU
		{ECF02969-92CA-4D2B-9846-584D3696CB9A}.Release|Any CPU.Build.0 = Release|Any CPU
		{ECF02969-92CA-4D2B-9846-584D3696CB9A}.Release|x64.ActiveCfg = Release|x64
		{ECF02969-92CA-4D2B-9846-584D3696CB9A}.Release|x64.Build.0 = Release|x64
		{F1283129-8120-43AC-AA58-3DFD6979BA82}.Debug|Any CPU.ActiveCfg = Debug|Any CPU
		{F1283129-8120-43AC-AA58-3DFD6979BA82}.Debug|Any CPU.Build.0 = Debug|Any CPU
		{F1283129-8120-43AC-AA58-3DFD6979BA82}.Debug|x64.ActiveCfg = Debug|x64
		{F1283129-8120-43AC-AA58-3DFD6979BA82}.Debug|x64.Build.0 = Debug|x64
		{F1283129-8120-43AC-AA58-3DFD6979BA82}.Release|Any CPU.ActiveCfg = Release|Any CPU
		{F1283129-8120-43AC-AA58-3DFD6979BA82}.Release|Any CPU.Build.0 = Release|Any CPU
		{F1283129-8120-43AC-AA58-3DFD6979BA82}.Release|x64.ActiveCfg = Release|x64
		{F1283129-8120-43AC-AA58-3DFD6979BA82}.Release|x64.Build.0 = Release|x64
		{B514ADB7-8F79-4ECB-BE55-8D5CAE16EDA5}.Debug|Any CPU.ActiveCfg = Debug|Any CPU
		{B514ADB7-8F79-4ECB-BE55-8D5CAE16EDA5}.Debug|Any CPU.Build.0 = Debug|Any CPU
		{B514ADB7-8F79-4ECB-BE55-8D5CAE16EDA5}.Debug|x64.ActiveCfg = Debug|x64
		{B514ADB7-8F79-4ECB-BE55-8D5CAE16EDA5}.Debug|x64.Build.0 = Debug|x64
		{B514ADB7-8F79-4ECB-BE55-8D5CAE16EDA5}.Release|Any CPU.ActiveCfg = Release|Any CPU
		{B514ADB7-8F79-4ECB-BE55-8D5CAE16EDA5}.Release|Any CPU.Build.0 = Release|Any CPU
		{B514ADB7-8F79-4ECB-BE55-8D5CAE16EDA5}.Release|x64.ActiveCfg = Release|x64
		{B514ADB7-8F79-4ECB-BE55-8D5CAE16EDA5}.Release|x64.Build.0 = Release|x64
		{3431AF7D-809F-44B7-B495-ED747EAB49D2}.Debug|Any CPU.ActiveCfg = Debug|Any CPU
		{3431AF7D-809F-44B7-B495-ED747EAB49D2}.Debug|Any CPU.Build.0 = Debug|Any CPU
		{3431AF7D-809F-44B7-B495-ED747EAB49D2}.Debug|x64.ActiveCfg = Debug|x64
		{3431AF7D-809F-44B7-B495-ED747EAB49D2}.Debug|x64.Build.0 = Debug|x64
		{3431AF7D-809F-44B7-B495-ED747EAB49D2}.Release|Any CPU.ActiveCfg = Release|Any CPU
		{3431AF7D-809F-44B7-B495-ED747EAB49D2}.Release|Any CPU.Build.0 = Release|Any CPU
		{3431AF7D-809F-44B7-B495-ED747EAB49D2}.Release|x64.ActiveCfg = Release|x64
		{3431AF7D-809F-44B7-B495-ED747EAB49D2}.Release|x64.Build.0 = Release|x64
		{1247DAFA-1CE9-4577-9E1D-CCFCC64366A7}.Debug|Any CPU.ActiveCfg = Debug|Any CPU
		{1247DAFA-1CE9-4577-9E1D-CCFCC64366A7}.Debug|Any CPU.Build.0 = Debug|Any CPU
		{1247DAFA-1CE9-4577-9E1D-CCFCC64366A7}.Debug|Any CPU.Deploy.0 = Debug|Any CPU
		{1247DAFA-1CE9-4577-9E1D-CCFCC64366A7}.Debug|x64.ActiveCfg = Debug|Any CPU
		{1247DAFA-1CE9-4577-9E1D-CCFCC64366A7}.Debug|x64.Build.0 = Debug|Any CPU
		{1247DAFA-1CE9-4577-9E1D-CCFCC64366A7}.Debug|x64.Deploy.0 = Debug|Any CPU
		{1247DAFA-1CE9-4577-9E1D-CCFCC64366A7}.Release|Any CPU.ActiveCfg = Release|Any CPU
		{1247DAFA-1CE9-4577-9E1D-CCFCC64366A7}.Release|Any CPU.Build.0 = Release|Any CPU
		{1247DAFA-1CE9-4577-9E1D-CCFCC64366A7}.Release|Any CPU.Deploy.0 = Release|Any CPU
		{1247DAFA-1CE9-4577-9E1D-CCFCC64366A7}.Release|x64.ActiveCfg = Release|Any CPU
		{1247DAFA-1CE9-4577-9E1D-CCFCC64366A7}.Release|x64.Build.0 = Release|Any CPU
		{1247DAFA-1CE9-4577-9E1D-CCFCC64366A7}.Release|x64.Deploy.0 = Release|Any CPU
		{DE36264F-50B3-4C97-886C-9935C129CDCB}.Debug|Any CPU.ActiveCfg = Debug|Any CPU
		{DE36264F-50B3-4C97-886C-9935C129CDCB}.Debug|Any CPU.Build.0 = Debug|Any CPU
		{DE36264F-50B3-4C97-886C-9935C129CDCB}.Debug|x64.ActiveCfg = Debug|x64
		{DE36264F-50B3-4C97-886C-9935C129CDCB}.Debug|x64.Build.0 = Debug|x64
		{DE36264F-50B3-4C97-886C-9935C129CDCB}.Release|Any CPU.ActiveCfg = Release|Any CPU
		{DE36264F-50B3-4C97-886C-9935C129CDCB}.Release|Any CPU.Build.0 = Release|Any CPU
		{DE36264F-50B3-4C97-886C-9935C129CDCB}.Release|x64.ActiveCfg = Release|x64
		{DE36264F-50B3-4C97-886C-9935C129CDCB}.Release|x64.Build.0 = Release|x64
		{42B53612-764F-4E21-BF99-9AC733CCD9BD}.Debug|Any CPU.ActiveCfg = Debug|Any CPU
		{42B53612-764F-4E21-BF99-9AC733CCD9BD}.Debug|Any CPU.Build.0 = Debug|Any CPU
		{42B53612-764F-4E21-BF99-9AC733CCD9BD}.Debug|x64.ActiveCfg = Debug|x64
		{42B53612-764F-4E21-BF99-9AC733CCD9BD}.Debug|x64.Build.0 = Debug|x64
		{42B53612-764F-4E21-BF99-9AC733CCD9BD}.Release|Any CPU.ActiveCfg = Release|Any CPU
		{42B53612-764F-4E21-BF99-9AC733CCD9BD}.Release|Any CPU.Build.0 = Release|Any CPU
		{42B53612-764F-4E21-BF99-9AC733CCD9BD}.Release|x64.ActiveCfg = Release|x64
		{42B53612-764F-4E21-BF99-9AC733CCD9BD}.Release|x64.Build.0 = Release|x64
		{1913850E-2A43-425D-ACAC-9726941261BF}.Debug|Any CPU.ActiveCfg = Debug|Any CPU
		{1913850E-2A43-425D-ACAC-9726941261BF}.Debug|Any CPU.Build.0 = Debug|Any CPU
		{1913850E-2A43-425D-ACAC-9726941261BF}.Debug|x64.ActiveCfg = Debug|Any CPU
		{1913850E-2A43-425D-ACAC-9726941261BF}.Debug|x64.Build.0 = Debug|Any CPU
		{1913850E-2A43-425D-ACAC-9726941261BF}.Release|Any CPU.ActiveCfg = Release|Any CPU
		{1913850E-2A43-425D-ACAC-9726941261BF}.Release|Any CPU.Build.0 = Release|Any CPU
		{1913850E-2A43-425D-ACAC-9726941261BF}.Release|x64.ActiveCfg = Release|Any CPU
		{1913850E-2A43-425D-ACAC-9726941261BF}.Release|x64.Build.0 = Release|Any CPU
		{174200A8-406C-4935-AEDE-C149BBE6AAC6}.Debug|Any CPU.ActiveCfg = Debug|Any CPU
		{174200A8-406C-4935-AEDE-C149BBE6AAC6}.Debug|Any CPU.Build.0 = Debug|Any CPU
		{174200A8-406C-4935-AEDE-C149BBE6AAC6}.Debug|x64.ActiveCfg = Debug|x64
		{174200A8-406C-4935-AEDE-C149BBE6AAC6}.Debug|x64.Build.0 = Debug|x64
		{174200A8-406C-4935-AEDE-C149BBE6AAC6}.Release|Any CPU.ActiveCfg = Release|Any CPU
		{174200A8-406C-4935-AEDE-C149BBE6AAC6}.Release|Any CPU.Build.0 = Release|Any CPU
		{174200A8-406C-4935-AEDE-C149BBE6AAC6}.Release|x64.ActiveCfg = Release|x64
		{174200A8-406C-4935-AEDE-C149BBE6AAC6}.Release|x64.Build.0 = Release|x64
		{3AE74F56-2B9C-49D4-9997-465AEC0B6D02}.Debug|Any CPU.ActiveCfg = Debug|Any CPU
		{3AE74F56-2B9C-49D4-9997-465AEC0B6D02}.Debug|Any CPU.Build.0 = Debug|Any CPU
		{3AE74F56-2B9C-49D4-9997-465AEC0B6D02}.Debug|x64.ActiveCfg = Debug|Any CPU
		{3AE74F56-2B9C-49D4-9997-465AEC0B6D02}.Debug|x64.Build.0 = Debug|Any CPU
		{3AE74F56-2B9C-49D4-9997-465AEC0B6D02}.Release|Any CPU.ActiveCfg = Release|Any CPU
		{3AE74F56-2B9C-49D4-9997-465AEC0B6D02}.Release|Any CPU.Build.0 = Release|Any CPU
		{3AE74F56-2B9C-49D4-9997-465AEC0B6D02}.Release|x64.ActiveCfg = Release|Any CPU
		{3AE74F56-2B9C-49D4-9997-465AEC0B6D02}.Release|x64.Build.0 = Release|Any CPU
		{6D333EF6-CBE5-46E4-8FE5-A5E90749798C}.Debug|Any CPU.ActiveCfg = Debug|Any CPU
		{6D333EF6-CBE5-46E4-8FE5-A5E90749798C}.Debug|Any CPU.Build.0 = Debug|Any CPU
		{6D333EF6-CBE5-46E4-8FE5-A5E90749798C}.Debug|x64.ActiveCfg = Debug|Any CPU
		{6D333EF6-CBE5-46E4-8FE5-A5E90749798C}.Debug|x64.Build.0 = Debug|Any CPU
		{6D333EF6-CBE5-46E4-8FE5-A5E90749798C}.Release|Any CPU.ActiveCfg = Release|Any CPU
		{6D333EF6-CBE5-46E4-8FE5-A5E90749798C}.Release|Any CPU.Build.0 = Release|Any CPU
		{6D333EF6-CBE5-46E4-8FE5-A5E90749798C}.Release|x64.ActiveCfg = Release|Any CPU
		{6D333EF6-CBE5-46E4-8FE5-A5E90749798C}.Release|x64.Build.0 = Release|Any CPU
		{56BDE9F7-AD85-4E6A-B7C5-44DCCF748B6C}.Debug|Any CPU.ActiveCfg = Debug|Any CPU
		{56BDE9F7-AD85-4E6A-B7C5-44DCCF748B6C}.Debug|Any CPU.Build.0 = Debug|Any CPU
		{56BDE9F7-AD85-4E6A-B7C5-44DCCF748B6C}.Debug|x64.ActiveCfg = Debug|Any CPU
		{56BDE9F7-AD85-4E6A-B7C5-44DCCF748B6C}.Debug|x64.Build.0 = Debug|Any CPU
		{56BDE9F7-AD85-4E6A-B7C5-44DCCF748B6C}.Release|Any CPU.ActiveCfg = Release|Any CPU
		{56BDE9F7-AD85-4E6A-B7C5-44DCCF748B6C}.Release|Any CPU.Build.0 = Release|Any CPU
		{56BDE9F7-AD85-4E6A-B7C5-44DCCF748B6C}.Release|x64.ActiveCfg = Release|Any CPU
		{56BDE9F7-AD85-4E6A-B7C5-44DCCF748B6C}.Release|x64.Build.0 = Release|Any CPU
	EndGlobalSection
	GlobalSection(SolutionProperties) = preSolution
		HideSolutionNode = FALSE
	EndGlobalSection
	GlobalSection(NestedProjects) = preSolution
		{E8CE7F4B-7DDF-47DF-B67A-380EBC4FC7B4} = {5F2422DC-7924-4CDE-BF15-7F5991EC6C4E}
		{B1B9FAA9-A464-4884-8BDB-503633BF38A9} = {5F2422DC-7924-4CDE-BF15-7F5991EC6C4E}
		{A74CB9B7-7864-4421-9E71-B2D0F99BDB61} = {5F2422DC-7924-4CDE-BF15-7F5991EC6C4E}
		{4A58E0B3-50D6-4E1F-AA16-8E6701F93749} = {E8CE7F4B-7DDF-47DF-B67A-380EBC4FC7B4}
		{5F346305-4B70-4AEF-9F9D-3984227B94BA} = {A74CB9B7-7864-4421-9E71-B2D0F99BDB61}
		{B64EEE08-04BF-4EE7-82D1-2B15ABE6CE11} = {A74CB9B7-7864-4421-9E71-B2D0F99BDB61}
		{96C8AA0B-07B2-49A9-AD04-518B90A5F748} = {A74CB9B7-7864-4421-9E71-B2D0F99BDB61}
		{2E5EC5C4-7BF2-46A4-956C-631DABB3BF51} = {4A58E0B3-50D6-4E1F-AA16-8E6701F93749}
		{ECF02969-92CA-4D2B-9846-584D3696CB9A} = {4A58E0B3-50D6-4E1F-AA16-8E6701F93749}
		{F1283129-8120-43AC-AA58-3DFD6979BA82} = {B1B9FAA9-A464-4884-8BDB-503633BF38A9}
		{B514ADB7-8F79-4ECB-BE55-8D5CAE16EDA5} = {5F346305-4B70-4AEF-9F9D-3984227B94BA}
		{3431AF7D-809F-44B7-B495-ED747EAB49D2} = {5F346305-4B70-4AEF-9F9D-3984227B94BA}
		{1247DAFA-1CE9-4577-9E1D-CCFCC64366A7} = {8FBEC431-686E-4A71-9CBD-D30E221EB99B}
		{DE36264F-50B3-4C97-886C-9935C129CDCB} = {B64EEE08-04BF-4EE7-82D1-2B15ABE6CE11}
		{42B53612-764F-4E21-BF99-9AC733CCD9BD} = {96C8AA0B-07B2-49A9-AD04-518B90A5F748}
		{DAC66411-FAAD-44E7-B83A-DF27179C8FED} = {5F2422DC-7924-4CDE-BF15-7F5991EC6C4E}
		{1913850E-2A43-425D-ACAC-9726941261BF} = {DAC66411-FAAD-44E7-B83A-DF27179C8FED}
		{174200A8-406C-4935-AEDE-C149BBE6AAC6} = {B1B9FAA9-A464-4884-8BDB-503633BF38A9}
		{3AE74F56-2B9C-49D4-9997-465AEC0B6D02} = {96C8AA0B-07B2-49A9-AD04-518B90A5F748}
		{6D333EF6-CBE5-46E4-8FE5-A5E90749798C} = {B1B9FAA9-A464-4884-8BDB-503633BF38A9}
		{56BDE9F7-AD85-4E6A-B7C5-44DCCF748B6C} = {B1B9FAA9-A464-4884-8BDB-503633BF38A9}
	EndGlobalSection
	GlobalSection(ExtensibilityGlobals) = postSolution
		SolutionGuid = {5A446F7E-487E-4039-99F4-B040412FC3CA}
	EndGlobalSection
EndGlobal
